
Microsoft Visual Studio Solution File, Format Version 12.00
# Visual Studio Version 16
VisualStudioVersion = 16.0.31613.86
MinimumVisualStudioVersion = 10.0.40219.1
Project("{FAE04EC0-301F-11D3-BF4B-00C04F79EFBC}") = "Kerdesek", "Kerdesek\Kerdesek.csproj", "{5431981B-56CB-4EA2-9776-C306A5217536}"
EndProject
Global
	GlobalSection(SolutionConfigurationPlatforms) = preSolution
		Debug|Any CPU = Debug|Any CPU
		Release|Any CPU = Release|Any CPU
	EndGlobalSection
	GlobalSection(ProjectConfigurationPlatforms) = postSolution
		{5431981B-56CB-4EA2-9776-C306A5217536}.Debug|Any CPU.ActiveCfg = Debug|Any CPU
		{5431981B-56CB-4EA2-9776-C306A5217536}.Debug|Any CPU.Build.0 = Debug|Any CPU
		{5431981B-56CB-4EA2-9776-C306A5217536}.Release|Any CPU.ActiveCfg = Release|Any CPU
		{5431981B-56CB-4EA2-9776-C306A5217536}.Release|Any CPU.Build.0 = Release|Any CPU
	EndGlobalSection
	GlobalSection(SolutionProperties) = preSolution
		HideSolutionNode = FALSE
	EndGlobalSection
	GlobalSection(ExtensibilityGlobals) = postSolution
		SolutionGuid = {6A1D4573-2B69-43CD-9049-1245E330494C}
	EndGlobalSection
EndGlobal
